// !$*UTF8*$!
{
	archiveVersion = 1;
	classes = {
	};
	objectVersion = 50;
	objects = {

/* Begin PBXBuildFile section */
		AE78F77B20A56D2A0087A62E /* AppDelegate.swift in Sources */ = {isa = PBXBuildFile; fileRef = AE78F77A20A56D2A0087A62E /* AppDelegate.swift */; };
		AE78F77D20A56D2A0087A62E /* ViewController.swift in Sources */ = {isa = PBXBuildFile; fileRef = AE78F77C20A56D2A0087A62E /* ViewController.swift */; };
		AE78F78020A56D2A0087A62E /* Main.storyboard in Resources */ = {isa = PBXBuildFile; fileRef = AE78F77E20A56D2A0087A62E /* Main.storyboard */; };
		AE78F78220A56D2B0087A62E /* Assets.xcassets in Resources */ = {isa = PBXBuildFile; fileRef = AE78F78120A56D2B0087A62E /* Assets.xcassets */; };
		AE78F78520A56D2B0087A62E /* LaunchScreen.storyboard in Resources */ = {isa = PBXBuildFile; fileRef = AE78F78320A56D2B0087A62E /* LaunchScreen.storyboard */; };
		AE78F79020A56D2C0087A62E /* TouchTrackerTests.swift in Sources */ = {isa = PBXBuildFile; fileRef = AE78F78F20A56D2C0087A62E /* TouchTrackerTests.swift */; };
		AE78F79B20A56D2C0087A62E /* TouchTrackerUITests.swift in Sources */ = {isa = PBXBuildFile; fileRef = AE78F79A20A56D2C0087A62E /* TouchTrackerUITests.swift */; };
		AE78F7A920A5733E0087A62E /* Line.swift in Sources */ = {isa = PBXBuildFile; fileRef = AE78F7A820A5733E0087A62E /* Line.swift */; };
		AE96A41D20A5819F00D94C7F /* DrawView.swift in Sources */ = {isa = PBXBuildFile; fileRef = AE96A41C20A5819F00D94C7F /* DrawView.swift */; };
/* End PBXBuildFile section */

/* Begin PBXContainerItemProxy section */
		AE78F78C20A56D2C0087A62E /* PBXContainerItemProxy */ = {
			isa = PBXContainerItemProxy;
			containerPortal = AE78F76F20A56D2A0087A62E /* Project object */;
			proxyType = 1;
			remoteGlobalIDString = AE78F77620A56D2A0087A62E;
			remoteInfo = TouchTracker;
		};
		AE78F79720A56D2C0087A62E /* PBXContainerItemProxy */ = {
			isa = PBXContainerItemProxy;
			containerPortal = AE78F76F20A56D2A0087A62E /* Project object */;
			proxyType = 1;
			remoteGlobalIDString = AE78F77620A56D2A0087A62E;
			remoteInfo = TouchTracker;
		};
/* End PBXContainerItemProxy section */

/* Begin PBXFileReference section */
		AE78F77720A56D2A0087A62E /* TouchTracker.app */ = {isa = PBXFileReference; explicitFileType = wrapper.application; includeInIndex = 0; path = TouchTracker.app; sourceTree = BUILT_PRODUCTS_DIR; };
		AE78F77A20A56D2A0087A62E /* AppDelegate.swift */ = {isa = PBXFileReference; lastKnownFileType = sourcecode.swift; path = AppDelegate.swift; sourceTree = "<group>"; };
		AE78F77C20A56D2A0087A62E /* ViewController.swift */ = {isa = PBXFileReference; lastKnownFileType = sourcecode.swift; path = ViewController.swift; sourceTree = "<group>"; };
		AE78F77F20A56D2A0087A62E /* Base */ = {isa = PBXFileReference; lastKnownFileType = file.storyboard; name = Base; path = Base.lproj/Main.storyboard; sourceTree = "<group>"; };
		AE78F78120A56D2B0087A62E /* Assets.xcassets */ = {isa = PBXFileReference; lastKnownFileType = folder.assetcatalog; path = Assets.xcassets; sourceTree = "<group>"; };
		AE78F78420A56D2B0087A62E /* Base */ = {isa = PBXFileReference; lastKnownFileType = file.storyboard; name = Base; path = Base.lproj/LaunchScreen.storyboard; sourceTree = "<group>"; };
		AE78F78620A56D2B0087A62E /* Info.plist */ = {isa = PBXFileReference; lastKnownFileType = text.plist.xml; path = Info.plist; sourceTree = "<group>"; };
		AE78F78B20A56D2C0087A62E /* TouchTrackerTests.xctest */ = {isa = PBXFileReference; explicitFileType = wrapper.cfbundle; includeInIndex = 0; path = TouchTrackerTests.xctest; sourceTree = BUILT_PRODUCTS_DIR; };
		AE78F78F20A56D2C0087A62E /* TouchTrackerTests.swift */ = {isa = PBXFileReference; lastKnownFileType = sourcecode.swift; path = TouchTrackerTests.swift; sourceTree = "<group>"; };
		AE78F79120A56D2C0087A62E /* Info.plist */ = {isa = PBXFileReference; lastKnownFileType = text.plist.xml; path = Info.plist; sourceTree = "<group>"; };
		AE78F79620A56D2C0087A62E /* TouchTrackerUITests.xctest */ = {isa = PBXFileReference; explicitFileType = wrapper.cfbundle; includeInIndex = 0; path = TouchTrackerUITests.xctest; sourceTree = BUILT_PRODUCTS_DIR; };
		AE78F79A20A56D2C0087A62E /* TouchTrackerUITests.swift */ = {isa = PBXFileReference; lastKnownFileType = sourcecode.swift; path = TouchTrackerUITests.swift; sourceTree = "<group>"; };
		AE78F79C20A56D2C0087A62E /* Info.plist */ = {isa = PBXFileReference; lastKnownFileType = text.plist.xml; path = Info.plist; sourceTree = "<group>"; };
		AE78F7A820A5733E0087A62E /* Line.swift */ = {isa = PBXFileReference; lastKnownFileType = sourcecode.swift; path = Line.swift; sourceTree = "<group>"; };
		AE96A41C20A5819F00D94C7F /* DrawView.swift */ = {isa = PBXFileReference; lastKnownFileType = sourcecode.swift; path = DrawView.swift; sourceTree = "<group>"; };
/* End PBXFileReference section */

/* Begin PBXFrameworksBuildPhase section */
		AE78F77420A56D2A0087A62E /* Frameworks */ = {
			isa = PBXFrameworksBuildPhase;
			buildActionMask = 2147483647;
			files = (
			);
			runOnlyForDeploymentPostprocessing = 0;
		};
		AE78F78820A56D2C0087A62E /* Frameworks */ = {
			isa = PBXFrameworksBuildPhase;
			buildActionMask = 2147483647;
			files = (
			);
			runOnlyForDeploymentPostprocessing = 0;
		};
		AE78F79320A56D2C0087A62E /* Frameworks */ = {
			isa = PBXFrameworksBuildPhase;
			buildActionMask = 2147483647;
			files = (
			);
			runOnlyForDeploymentPostprocessing = 0;
		};
/* End PBXFrameworksBuildPhase section */

/* Begin PBXGroup section */
		AE78F76E20A56D2A0087A62E = {
			isa = PBXGroup;
			children = (
				AE78F77920A56D2A0087A62E /* TouchTracker */,
				AE78F78E20A56D2C0087A62E /* TouchTrackerTests */,
				AE78F79920A56D2C0087A62E /* TouchTrackerUITests */,
				AE78F77820A56D2A0087A62E /* Products */,
			);
			sourceTree = "<group>";
		};
		AE78F77820A56D2A0087A62E /* Products */ = {
			isa = PBXGroup;
			children = (
				AE78F77720A56D2A0087A62E /* TouchTracker.app */,
				AE78F78B20A56D2C0087A62E /* TouchTrackerTests.xctest */,
				AE78F79620A56D2C0087A62E /* TouchTrackerUITests.xctest */,
			);
			name = Products;
			sourceTree = "<group>";
		};
		AE78F77920A56D2A0087A62E /* TouchTracker */ = {
			isa = PBXGroup;
			children = (
				AE78F77A20A56D2A0087A62E /* AppDelegate.swift */,
				AE78F77C20A56D2A0087A62E /* ViewController.swift */,
				AE78F77E20A56D2A0087A62E /* Main.storyboard */,
				AE78F7A820A5733E0087A62E /* Line.swift */,
				AE96A41C20A5819F00D94C7F /* DrawView.swift */,
				AE78F78120A56D2B0087A62E /* Assets.xcassets */,
				AE78F78320A56D2B0087A62E /* LaunchScreen.storyboard */,
				AE78F78620A56D2B0087A62E /* Info.plist */,
			);
			path = TouchTracker;
			sourceTree = "<group>";
		};
		AE78F78E20A56D2C0087A62E /* TouchTrackerTests */ = {
			isa = PBXGroup;
			children = (
				AE78F78F20A56D2C0087A62E /* TouchTrackerTests.swift */,
				AE78F79120A56D2C0087A62E /* Info.plist */,
			);
			path = TouchTrackerTests;
			sourceTree = "<group>";
		};
		AE78F79920A56D2C0087A62E /* TouchTrackerUITests */ = {
			isa = PBXGroup;
			children = (
				AE78F79A20A56D2C0087A62E /* TouchTrackerUITests.swift */,
				AE78F79C20A56D2C0087A62E /* Info.plist */,
			);
			path = TouchTrackerUITests;
			sourceTree = "<group>";
		};
/* End PBXGroup section */

/* Begin PBXNativeTarget section */
		AE78F77620A56D2A0087A62E /* TouchTracker */ = {
			isa = PBXNativeTarget;
			buildConfigurationList = AE78F79F20A56D2C0087A62E /* Build configuration list for PBXNativeTarget "TouchTracker" */;
			buildPhases = (
				AE78F77320A56D2A0087A62E /* Sources */,
				AE78F77420A56D2A0087A62E /* Frameworks */,
				AE78F77520A56D2A0087A62E /* Resources */,
			);
			buildRules = (
			);
			dependencies = (
			);
			name = TouchTracker;
			productName = TouchTracker;
			productReference = AE78F77720A56D2A0087A62E /* TouchTracker.app */;
			productType = "com.apple.product-type.application";
		};
		AE78F78A20A56D2C0087A62E /* TouchTrackerTests */ = {
			isa = PBXNativeTarget;
			buildConfigurationList = AE78F7A220A56D2C0087A62E /* Build configuration list for PBXNativeTarget "TouchTrackerTests" */;
			buildPhases = (
				AE78F78720A56D2C0087A62E /* Sources */,
				AE78F78820A56D2C0087A62E /* Frameworks */,
				AE78F78920A56D2C0087A62E /* Resources */,
			);
			buildRules = (
			);
			dependencies = (
				AE78F78D20A56D2C0087A62E /* PBXTargetDependency */,
			);
			name = TouchTrackerTests;
			productName = TouchTrackerTests;
			productReference = AE78F78B20A56D2C0087A62E /* TouchTrackerTests.xctest */;
			productType = "com.apple.product-type.bundle.unit-test";
		};
		AE78F79520A56D2C0087A62E /* TouchTrackerUITests */ = {
			isa = PBXNativeTarget;
			buildConfigurationList = AE78F7A520A56D2C0087A62E /* Build configuration list for PBXNativeTarget "TouchTrackerUITests" */;
			buildPhases = (
				AE78F79220A56D2C0087A62E /* Sources */,
				AE78F79320A56D2C0087A62E /* Frameworks */,
				AE78F79420A56D2C0087A62E /* Resources */,
			);
			buildRules = (
			);
			dependencies = (
				AE78F79820A56D2C0087A62E /* PBXTargetDependency */,
			);
			name = TouchTrackerUITests;
			productName = TouchTrackerUITests;
			productReference = AE78F79620A56D2C0087A62E /* TouchTrackerUITests.xctest */;
			productType = "com.apple.product-type.bundle.ui-testing";
		};
/* End PBXNativeTarget section */

/* Begin PBXProject section */
		AE78F76F20A56D2A0087A62E /* Project object */ = {
			isa = PBXProject;
			attributes = {
				LastSwiftUpdateCheck = 0940;
				LastUpgradeCheck = 0940;
				ORGANIZATIONNAME = "Gao Xing";
				TargetAttributes = {
					AE78F77620A56D2A0087A62E = {
						CreatedOnToolsVersion = 9.4;
					};
					AE78F78A20A56D2C0087A62E = {
						CreatedOnToolsVersion = 9.4;
						TestTargetID = AE78F77620A56D2A0087A62E;
					};
					AE78F79520A56D2C0087A62E = {
						CreatedOnToolsVersion = 9.4;
						TestTargetID = AE78F77620A56D2A0087A62E;
					};
				};
			};
			buildConfigurationList = AE78F77220A56D2A0087A62E /* Build configuration list for PBXProject "TouchTracker" */;
			compatibilityVersion = "Xcode 9.3";
			developmentRegion = en;
			hasScannedForEncodings = 0;
			knownRegions = (
				en,
				Base,
			);
			mainGroup = AE78F76E20A56D2A0087A62E;
			productRefGroup = AE78F77820A56D2A0087A62E /* Products */;
			projectDirPath = "";
			projectRoot = "";
			targets = (
				AE78F77620A56D2A0087A62E /* TouchTracker */,
				AE78F78A20A56D2C0087A62E /* TouchTrackerTests */,
				AE78F79520A56D2C0087A62E /* TouchTrackerUITests */,
			);
		};
/* End PBXProject section */

/* Begin PBXResourcesBuildPhase section */
		AE78F77520A56D2A0087A62E /* Resources */ = {
			isa = PBXResourcesBuildPhase;
			buildActionMask = 2147483647;
			files = (
				AE78F78520A56D2B0087A62E /* LaunchScreen.storyboard in Resources */,
				AE78F78220A56D2B0087A62E /* Assets.xcassets in Resources */,
				AE78F78020A56D2A0087A62E /* Main.storyboard in Resources */,
			);
			runOnlyForDeploymentPostprocessing = 0;
		};
		AE78F78920A56D2C0087A62E /* Resources */ = {
			isa = PBXResourcesBuildPhase;
			buildActionMask = 2147483647;
			files = (
			);
			runOnlyForDeploymentPostprocessing = 0;
		};
		AE78F79420A56D2C0087A62E /* Resources */ = {
			isa = PBXResourcesBuildPhase;
			buildActionMask = 2147483647;
			files = (
			);
			runOnlyForDeploymentPostprocessing = 0;
		};
/* End PBXResourcesBuildPhase section */

/* Begin PBXSourcesBuildPhase section */
		AE78F77320A56D2A0087A62E /* Sources */ = {
			isa = PBXSourcesBuildPhase;
			buildActionMask = 2147483647;
			files = (
				AE78F7A920A5733E0087A62E /* Line.swift in Sources */,
				AE78F77D20A56D2A0087A62E /* ViewController.swift in Sources */,
				AE96A41D20A5819F00D94C7F /* DrawView.swift in Sources */,
				AE78F77B20A56D2A0087A62E /* AppDelegate.swift in Sources */,
			);
			runOnlyForDeploymentPostprocessing = 0;
		};
		AE78F78720A56D2C0087A62E /* Sources */ = {
			isa = PBXSourcesBuildPhase;
			buildActionMask = 2147483647;
			files = (
				AE78F79020A56D2C0087A62E /* TouchTrackerTests.swift in Sources */,
			);
			runOnlyForDeploymentPostprocessing = 0;
		};
		AE78F79220A56D2C0087A62E /* Sources */ = {
			isa = PBXSourcesBuildPhase;
			buildActionMask = 2147483647;
			files = (
				AE78F79B20A56D2C0087A62E /* TouchTrackerUITests.swift in Sources */,
			);
			runOnlyForDeploymentPostprocessing = 0;
		};
/* End PBXSourcesBuildPhase section */

/* Begin PBXTargetDependency section */
		AE78F78D20A56D2C0087A62E /* PBXTargetDependency */ = {
			isa = PBXTargetDependency;
			target = AE78F77620A56D2A0087A62E /* TouchTracker */;
			targetProxy = AE78F78C20A56D2C0087A62E /* PBXContainerItemProxy */;
		};
		AE78F79820A56D2C0087A62E /* PBXTargetDependency */ = {
			isa = PBXTargetDependency;
			target = AE78F77620A56D2A0087A62E /* TouchTracker */;
			targetProxy = AE78F79720A56D2C0087A62E /* PBXContainerItemProxy */;
		};
/* End PBXTargetDependency section */

/* Begin PBXVariantGroup section */
		AE78F77E20A56D2A0087A62E /* Main.storyboard */ = {
			isa = PBXVariantGroup;
			children = (
				AE78F77F20A56D2A0087A62E /* Base */,
			);
			name = Main.storyboard;
			sourceTree = "<group>";
		};
		AE78F78320A56D2B0087A62E /* LaunchScreen.storyboard */ = {
			isa = PBXVariantGroup;
			children = (
				AE78F78420A56D2B0087A62E /* Base */,
			);
			name = LaunchScreen.storyboard;
			sourceTree = "<group>";
		};
/* End PBXVariantGroup section */

/* Begin XCBuildConfiguration section */
		AE78F79D20A56D2C0087A62E /* Debug */ = {
			isa = XCBuildConfiguration;
			buildSettings = {
				ALWAYS_SEARCH_USER_PATHS = NO;
				CLANG_ANALYZER_NONNULL = YES;
				CLANG_ANALYZER_NUMBER_OBJECT_CONVERSION = YES_AGGRESSIVE;
				CLANG_CXX_LANGUAGE_STANDARD = "gnu++14";
				CLANG_CXX_LIBRARY = "libc++";
				CLANG_ENABLE_MODULES = YES;
				CLANG_ENABLE_OBJC_ARC = YES;
				CLANG_ENABLE_OBJC_WEAK = YES;
				CLANG_WARN_BLOCK_CAPTURE_AUTORELEASING = YES;
				CLANG_WARN_BOOL_CONVERSION = YES;
				CLANG_WARN_COMMA = YES;
				CLANG_WARN_CONSTANT_CONVERSION = YES;
				CLANG_WARN_DEPRECATED_OBJC_IMPLEMENTATIONS = YES;
				CLANG_WARN_DIRECT_OBJC_ISA_USAGE = YES_ERROR;
				CLANG_WARN_DOCUMENTATION_COMMENTS = YES;
				CLANG_WARN_EMPTY_BODY = YES;
				CLANG_WARN_ENUM_CONVERSION = YES;
				CLANG_WARN_INFINITE_RECURSION = YES;
				CLANG_WARN_INT_CONVERSION = YES;
				CLANG_WARN_NON_LITERAL_NULL_CONVERSION = YES;
				CLANG_WARN_OBJC_IMPLICIT_RETAIN_SELF = YES;
				CLANG_WARN_OBJC_LITERAL_CONVERSION = YES;
				CLANG_WARN_OBJC_ROOT_CLASS = YES_ERROR;
				CLANG_WARN_RANGE_LOOP_ANALYSIS = YES;
				CLANG_WARN_STRICT_PROTOTYPES = YES;
				CLANG_WARN_SUSPICIOUS_MOVE = YES;
				CLANG_WARN_UNGUARDED_AVAILABILITY = YES_AGGRESSIVE;
				CLANG_WARN_UNREACHABLE_CODE = YES;
				CLANG_WARN__DUPLICATE_METHOD_MATCH = YES;
				CODE_SIGN_IDENTITY = "iPhone Developer";
				COPY_PHASE_STRIP = NO;
				DEBUG_INFORMATION_FORMAT = dwarf;
				ENABLE_STRICT_OBJC_MSGSEND = YES;
				ENABLE_TESTABILITY = YES;
				GCC_C_LANGUAGE_STANDARD = gnu11;
				GCC_DYNAMIC_NO_PIC = NO;
				GCC_NO_COMMON_BLOCKS = YES;
				GCC_OPTIMIZATION_LEVEL = 0;
				GCC_PREPROCESSOR_DEFINITIONS = (
					"DEBUG=1",
					"$(inherited)",
				);
				GCC_WARN_64_TO_32_BIT_CONVERSION = YES;
				GCC_WARN_ABOUT_RETURN_TYPE = YES_ERROR;
				GCC_WARN_UNDECLARED_SELECTOR = YES;
				GCC_WARN_UNINITIALIZED_AUTOS = YES_AGGRESSIVE;
				GCC_WARN_UNUSED_FUNCTION = YES;
				GCC_WARN_UNUSED_VARIABLE = YES;
				IPHONEOS_DEPLOYMENT_TARGET = 11.4;
				MTL_ENABLE_DEBUG_INFO = YES;
				ONLY_ACTIVE_ARCH = YES;
				SDKROOT = iphoneos;
				SWIFT_ACTIVE_COMPILATION_CONDITIONS = DEBUG;
				SWIFT_OPTIMIZATION_LEVEL = "-Onone";
			};
			name = Debug;
		};
		AE78F79E20A56D2C0087A62E /* Release */ = {
			isa = XCBuildConfiguration;
			buildSettings = {
				ALWAYS_SEARCH_USER_PATHS = NO;
				CLANG_ANALYZER_NONNULL = YES;
				CLANG_ANALYZER_NUMBER_OBJECT_CONVERSION = YES_AGGRESSIVE;
				CLANG_CXX_LANGUAGE_STANDARD = "gnu++14";
				CLANG_CXX_LIBRARY = "libc++";
				CLANG_ENABLE_MODULES = YES;
				CLANG_ENABLE_OBJC_ARC = YES;
				CLANG_ENABLE_OBJC_WEAK = YES;
				CLANG_WARN_BLOCK_CAPTURE_AUTORELEASING = YES;
				CLANG_WARN_BOOL_CONVERSION = YES;
				CLANG_WARN_COMMA = YES;
				CLANG_WARN_CONSTANT_CONVERSION = YES;
				CLANG_WARN_DEPRECATED_OBJC_IMPLEMENTATIONS = YES;
				CLANG_WARN_DIRECT_OBJC_ISA_USAGE = YES_ERROR;
				CLANG_WARN_DOCUMENTATION_COMMENTS = YES;
				CLANG_WARN_EMPTY_BODY = YES;
				CLANG_WARN_ENUM_CONVERSION = YES;
				CLANG_WARN_INFINITE_RECURSION = YES;
				CLANG_WARN_INT_CONVERSION = YES;
				CLANG_WARN_NON_LITERAL_NULL_CONVERSION = YES;
				CLANG_WARN_OBJC_IMPLICIT_RETAIN_SELF = YES;
				CLANG_WARN_OBJC_LITERAL_CONVERSION = YES;
				CLANG_WARN_OBJC_ROOT_CLASS = YES_ERROR;
				CLANG_WARN_RANGE_LOOP_ANALYSIS = YES;
				CLANG_WARN_STRICT_PROTOTYPES = YES;
				CLANG_WARN_SUSPICIOUS_MOVE = YES;
				CLANG_WARN_UNGUARDED_AVAILABILITY = YES_AGGRESSIVE;
				CLANG_WARN_UNREACHABLE_CODE = YES;
				CLANG_WARN__DUPLICATE_METHOD_MATCH = YES;
				CODE_SIGN_IDENTITY = "iPhone Developer";
				COPY_PHASE_STRIP = NO;
				DEBUG_INFORMATION_FORMAT = "dwarf-with-dsym";
				ENABLE_NS_ASSERTIONS = NO;
				ENABLE_STRICT_OBJC_MSGSEND = YES;
				GCC_C_LANGUAGE_STANDARD = gnu11;
				GCC_NO_COMMON_BLOCKS = YES;
				GCC_WARN_64_TO_32_BIT_CONVERSION = YES;
				GCC_WARN_ABOUT_RETURN_TYPE = YES_ERROR;
				GCC_WARN_UNDECLARED_SELECTOR = YES;
				GCC_WARN_UNINITIALIZED_AUTOS = YES_AGGRESSIVE;
				GCC_WARN_UNUSED_FUNCTION = YES;
				GCC_WARN_UNUSED_VARIABLE = YES;
				IPHONEOS_DEPLOYMENT_TARGET = 11.4;
				MTL_ENABLE_DEBUG_INFO = NO;
				SDKROOT = iphoneos;
				SWIFT_COMPILATION_MODE = wholemodule;
				SWIFT_OPTIMIZATION_LEVEL = "-O";
				VALIDATE_PRODUCT = YES;
			};
			name = Release;
		};
		AE78F7A020A56D2C0087A62E /* Debug */ = {
			isa = XCBuildConfiguration;
			buildSettings = {
				ASSETCATALOG_COMPILER_APPICON_NAME = AppIcon;
				CODE_SIGN_STYLE = Automatic;
				INFOPLIST_FILE = TouchTracker/Info.plist;
				LD_RUNPATH_SEARCH_PATHS = (
					"$(inherited)",
					"@executable_path/Frameworks",
				);
				PRODUCT_BUNDLE_IDENTIFIER = com.ympc.TouchTracker;
				PRODUCT_NAME = "$(TARGET_NAME)";
				SWIFT_VERSION = 4.0;
				TARGETED_DEVICE_FAMILY = "1,2";
			};
			name = Debug;
		};
		AE78F7A120A56D2C0087A62E /* Release */ = {
			isa = XCBuildConfiguration;
			buildSettings = {
				ASSETCATALOG_COMPILER_APPICON_NAME = AppIcon;
				CODE_SIGN_STYLE = Automatic;
				INFOPLIST_FILE = TouchTracker/Info.plist;
				LD_RUNPATH_SEARCH_PATHS = (
					"$(inherited)",
					"@executable_path/Frameworks",
				);
				PRODUCT_BUNDLE_IDENTIFIER = com.ympc.TouchTracker;
				PRODUCT_NAME = "$(TARGET_NAME)";
				SWIFT_VERSION = 4.0;
				TARGETED_DEVICE_FAMILY = "1,2";
			};
			name = Release;
		};
		AE78F7A320A56D2C0087A62E /* Debug */ = {
			isa = XCBuildConfiguration;
			buildSettings = {
				ALWAYS_EMBED_SWIFT_STANDARD_LIBRARIES = YES;
				BUNDLE_LOADER = "$(TEST_HOST)";
				CODE_SIGN_STYLE = Automatic;
				INFOPLIST_FILE = TouchTrackerTests/Info.plist;
				LD_RUNPATH_SEARCH_PATHS = (
					"$(inherited)",
					"@executable_path/Frameworks",
					"@loader_path/Frameworks",
				);
				PRODUCT_BUNDLE_IDENTIFIER = com.ympc.TouchTrackerTests;
				PRODUCT_NAME = "$(TARGET_NAME)";
				SWIFT_VERSION = 4.0;
				TARGETED_DEVICE_FAMILY = "1,2";
				TEST_HOST = "$(BUILT_PRODUCTS_DIR)/TouchTracker.app/TouchTracker";
			};
			name = Debug;
		};
		AE78F7A420A56D2C0087A62E /* Release */ = {
			isa = XCBuildConfiguration;
			buildSettings = {
				ALWAYS_EMBED_SWIFT_STANDARD_LIBRARIES = YES;
				BUNDLE_LOADER = "$(TEST_HOST)";
				CODE_SIGN_STYLE = Automatic;
				INFOPLIST_FILE = TouchTrackerTests/Info.plist;
				LD_RUNPATH_SEARCH_PATHS = (
					"$(inherited)",
					"@executable_path/Frameworks",
					"@loader_path/Frameworks",
				);
				PRODUCT_BUNDLE_IDENTIFIER = com.ympc.TouchTrackerTests;
				PRODUCT_NAME = "$(TARGET_NAME)";
				SWIFT_VERSION = 4.0;
				TARGETED_DEVICE_FAMILY = "1,2";
				TEST_HOST = "$(BUILT_PRODUCTS_DIR)/TouchTracker.app/TouchTracker";
			};
			name = Release;
		};
		AE78F7A620A56D2C0087A62E /* Debug */ = {
			isa = XCBuildConfiguration;
			buildSettings = {
				ALWAYS_EMBED_SWIFT_STANDARD_LIBRARIES = YES;
				CODE_SIGN_STYLE = Automatic;
				INFOPLIST_FILE = TouchTrackerUITests/Info.plist;
				LD_RUNPATH_SEARCH_PATHS = (
					"$(inherited)",
					"@executable_path/Frameworks",
					"@loader_path/Frameworks",
				);
				PRODUCT_BUNDLE_IDENTIFIER = com.ympc.TouchTrackerUITests;
				PRODUCT_NAME = "$(TARGET_NAME)";
				SWIFT_VERSION = 4.0;
				TARGETED_DEVICE_FAMILY = "1,2";
				TEST_TARGET_NAME = TouchTracker;
			};
			name = Debug;
		};
		AE78F7A720A56D2C0087A62E /* Release */ = {
			isa = XCBuildConfiguration;
			buildSettings = {
				ALWAYS_EMBED_SWIFT_STANDARD_LIBRARIES = YES;
				CODE_SIGN_STYLE = Automatic;
				INFOPLIST_FILE = TouchTrackerUITests/Info.plist;
				LD_RUNPATH_SEARCH_PATHS = (
					"$(inherited)",
					"@executable_path/Frameworks",
					"@loader_path/Frameworks",
				);
				PRODUCT_BUNDLE_IDENTIFIER = com.ympc.TouchTrackerUITests;
				PRODUCT_NAME = "$(TARGET_NAME)";
				SWIFT_VERSION = 4.0;
				TARGETED_DEVICE_FAMILY = "1,2";
				TEST_TARGET_NAME = TouchTracker;
			};
			name = Release;
		};
/* End XCBuildConfiguration section */

/* Begin XCConfigurationList section */
		AE78F77220A56D2A0087A62E /* Build configuration list for PBXProject "TouchTracker" */ = {
			isa = XCConfigurationList;
			buildConfigurations = (
				AE78F79D20A56D2C0087A62E /* Debug */,
				AE78F79E20A56D2C0087A62E /* Release */,
			);
			defaultConfigurationIsVisible = 0;
			defaultConfigurationName = Release;
		};
		AE78F79F20A56D2C0087A62E /* Build configuration list for PBXNativeTarget "TouchTracker" */ = {
			isa = XCConfigurationList;
			buildConfigurations = (
				AE78F7A020A56D2C0087A62E /* Debug */,
				AE78F7A120A56D2C0087A62E /* Release */,
			);
			defaultConfigurationIsVisible = 0;
			defaultConfigurationName = Release;
		};
		AE78F7A220A56D2C0087A62E /* Build configuration list for PBXNativeTarget "TouchTrackerTests" */ = {
			isa = XCConfigurationList;
			buildConfigurations = (
				AE78F7A320A56D2C0087A62E /* Debug */,
				AE78F7A420A56D2C0087A62E /* Release */,
			);
			defaultConfigurationIsVisible = 0;
			defaultConfigurationName = Release;
		};
		AE78F7A520A56D2C0087A62E /* Build configuration list for PBXNativeTarget "TouchTrackerUITests" */ = {
			isa = XCConfigurationList;
			buildConfigurations = (
				AE78F7A620A56D2C0087A62E /* Debug */,
				AE78F7A720A56D2C0087A62E /* Release */,
			);
			defaultConfigurationIsVisible = 0;
			defaultConfigurationName = Release;
		};
/* End XCConfigurationList section */
	};
	rootObject = AE78F76F20A56D2A0087A62E /* Project object */;
}
